
Microsoft Visual Studio Solution File, Format Version 12.00
# Visual Studio Version 16
VisualStudioVersion = 16.0.31019.35
MinimumVisualStudioVersion = 10.0.40219.1
Project("{FAE04EC0-301F-11D3-BF4B-00C04F79EFBC}") = "Land based autonomous navigation", "Land based autonomous navigation\Land based autonomous navigation.csproj", "{C6B59DF1-0E79-42CA-9E55-A3AD5414A403}"
EndProject
Global
	GlobalSection(SolutionConfigurationPlatforms) = preSolution
		Debug|x64 = Debug|x64
	EndGlobalSection
	GlobalSection(ProjectConfigurationPlatforms) = postSolution
		{C6B59DF1-0E79-42CA-9E55-A3AD5414A403}.Debug|x64.ActiveCfg = Debug|x64
		{C6B59DF1-0E79-42CA-9E55-A3AD5414A403}.Debug|x64.Build.0 = Debug|x64
	EndGlobalSection
	GlobalSection(SolutionProperties) = preSolution
		HideSolutionNode = FALSE
	EndGlobalSection
	GlobalSection(ExtensibilityGlobals) = postSolution
		SolutionGuid = {46A985E8-A62E-4545-946D-EA5E6628657B}
	EndGlobalSection
EndGlobal
